// !$*UTF8*$!
{
	archiveVersion = 1;
	classes = {
	};
	objectVersion = 50;
	objects = {

/* Begin PBXBuildFile section */
		8F1097E82271B6A1009074FA /* MainVC.swift in Sources */ = {isa = PBXBuildFile; fileRef = 8F1097E72271B6A1009074FA /* MainVC.swift */; };
		8F1097EA2271B749009074FA /* MainCell.swift in Sources */ = {isa = PBXBuildFile; fileRef = 8F1097E92271B749009074FA /* MainCell.swift */; };
		8F1097EC2271BB88009074FA /* MainPro.swift in Sources */ = {isa = PBXBuildFile; fileRef = 8F1097EB2271BB88009074FA /* MainPro.swift */; };
		8F1097EE2271BF11009074FA /* API + products.swift in Sources */ = {isa = PBXBuildFile; fileRef = 8F1097ED2271BF11009074FA /* API + products.swift */; };
		8F1097F02271EEF0009074FA /* UITabBar.swift in Sources */ = {isa = PBXBuildFile; fileRef = 8F1097EF2271EEF0009074FA /* UITabBar.swift */; };
		8F1097F32271F247009074FA /* ProductsVC.swift in Sources */ = {isa = PBXBuildFile; fileRef = 8F1097F22271F247009074FA /* ProductsVC.swift */; };
		8F1097F52271F2C2009074FA /* ProductCell.swift in Sources */ = {isa = PBXBuildFile; fileRef = 8F1097F42271F2C2009074FA /* ProductCell.swift */; };
		8F1097F72271FB58009074FA /* SginUpVC.swift in Sources */ = {isa = PBXBuildFile; fileRef = 8F1097F62271FB58009074FA /* SginUpVC.swift */; };
		8F1097F92271FEE4009074FA /* Product.swift in Sources */ = {isa = PBXBuildFile; fileRef = 8F1097F82271FEE4009074FA /* Product.swift */; };
		8F1097FB227201BA009074FA /* ImageInsideTextField.swift in Sources */ = {isa = PBXBuildFile; fileRef = 8F1097FA227201BA009074FA /* ImageInsideTextField.swift */; };
		8F1097FD2273A32A009074FA /* ProfileVC.swift in Sources */ = {isa = PBXBuildFile; fileRef = 8F1097FC2273A32A009074FA /* ProfileVC.swift */; };
		8F1098002273B2F5009074FA /* MyOrderVC.swift in Sources */ = {isa = PBXBuildFile; fileRef = 8F1097FF2273B2F5009074FA /* MyOrderVC.swift */; };
		8F1098022273B3B9009074FA /* MenuCell.swift in Sources */ = {isa = PBXBuildFile; fileRef = 8F1098012273B3B9009074FA /* MenuCell.swift */; };
		8F1098042273B3E7009074FA /* OrderCell.swift in Sources */ = {isa = PBXBuildFile; fileRef = 8F1098032273B3E7009074FA /* OrderCell.swift */; };
		8F10980722748418009074FA /* OffersVC.swift in Sources */ = {isa = PBXBuildFile; fileRef = 8F10980622748417009074FA /* OffersVC.swift */; };
		8F1098092274858B009074FA /* OfferCell.swift in Sources */ = {isa = PBXBuildFile; fileRef = 8F1098082274858B009074FA /* OfferCell.swift */; };
		8F109812227497B0009074FA /* ListVC.swift in Sources */ = {isa = PBXBuildFile; fileRef = 8F109811227497B0009074FA /* ListVC.swift */; };
		8F109814227498F9009074FA /* ListCell.swift in Sources */ = {isa = PBXBuildFile; fileRef = 8F109813227498F9009074FA /* ListCell.swift */; };
		8FB98FC22270879A001118CC /* AppDelegate.swift in Sources */ = {isa = PBXBuildFile; fileRef = 8FB98FC12270879A001118CC /* AppDelegate.swift */; };
		8FB98FC42270879A001118CC /* LoginVC.swift in Sources */ = {isa = PBXBuildFile; fileRef = 8FB98FC32270879A001118CC /* LoginVC.swift */; };
		8FB98FC72270879B001118CC /* Main.storyboard in Resources */ = {isa = PBXBuildFile; fileRef = 8FB98FC52270879B001118CC /* Main.storyboard */; };
		8FB98FC9227087C1001118CC /* Assets.xcassets in Resources */ = {isa = PBXBuildFile; fileRef = 8FB98FC8227087C1001118CC /* Assets.xcassets */; };
		8FB98FCC227087C1001118CC /* LaunchScreen.storyboard in Resources */ = {isa = PBXBuildFile; fileRef = 8FB98FCA227087C1001118CC /* LaunchScreen.storyboard */; };
		8FD2814C2274A17400B6D6C5 /* RulesVC.swift in Sources */ = {isa = PBXBuildFile; fileRef = 8FD2814B2274A17400B6D6C5 /* RulesVC.swift */; };
		8FD2814E2274FB6A00B6D6C5 /* ContactUSVC.swift in Sources */ = {isa = PBXBuildFile; fileRef = 8FD2814D2274FB6900B6D6C5 /* ContactUSVC.swift */; };
		8FD281502275AD8B00B6D6C5 /* API + Others.swift in Sources */ = {isa = PBXBuildFile; fileRef = 8FD2814F2275AD8B00B6D6C5 /* API + Others.swift */; };
		8FD281522275B10B00B6D6C5 /* TextView + extesnions.swift in Sources */ = {isa = PBXBuildFile; fileRef = 8FD281512275B10B00B6D6C5 /* TextView + extesnions.swift */; };
		8FD281552275BCEC00B6D6C5 /* ContentVC.swift in Sources */ = {isa = PBXBuildFile; fileRef = 8FD281542275BCEC00B6D6C5 /* ContentVC.swift */; };
		8FD28157227863B700B6D6C5 /* MyOrder.swift in Sources */ = {isa = PBXBuildFile; fileRef = 8FD28156227863B700B6D6C5 /* MyOrder.swift */; };
		8FE9379222708FC400597677 /* Localizable.strings in Resources */ = {isa = PBXBuildFile; fileRef = 8FE9379422708FC400597677 /* Localizable.strings */; };
		8FE9379A22708FEB00597677 /* CheckLanguage.swift in Sources */ = {isa = PBXBuildFile; fileRef = 8FE9379722708FEB00597677 /* CheckLanguage.swift */; };
		8FE9379B22708FEB00597677 /* General.swift in Sources */ = {isa = PBXBuildFile; fileRef = 8FE9379822708FEB00597677 /* General.swift */; };
		8FE9379C22708FEB00597677 /* Helper.swift in Sources */ = {isa = PBXBuildFile; fileRef = 8FE9379922708FEB00597677 /* Helper.swift */; };
		8FE9379F2270981F00597677 /* API.swift in Sources */ = {isa = PBXBuildFile; fileRef = 8FE9379E2270981F00597677 /* API.swift */; };
		8FE937A522709A7200597677 /* Double + Extension.swift in Sources */ = {isa = PBXBuildFile; fileRef = 8FE937A122709A7000597677 /* Double + Extension.swift */; };
		8FE937A622709A7200597677 /* Validation+Extension.swift in Sources */ = {isa = PBXBuildFile; fileRef = 8FE937A222709A7000597677 /* Validation+Extension.swift */; };
		8FE937A722709A7200597677 /* JSON+Extension.swift in Sources */ = {isa = PBXBuildFile; fileRef = 8FE937A322709A7000597677 /* JSON+Extension.swift */; };
		8FE937A822709A7200597677 /* String + Extension.swift in Sources */ = {isa = PBXBuildFile; fileRef = 8FE937A422709A7000597677 /* String + Extension.swift */; };
		8FE937AE22709AB800597677 /* ViewController + extensions.swift in Sources */ = {isa = PBXBuildFile; fileRef = 8FE937AA22709AB800597677 /* ViewController + extensions.swift */; };
		8FE937AF22709AB800597677 /* UIView + extension.swift in Sources */ = {isa = PBXBuildFile; fileRef = 8FE937AB22709AB800597677 /* UIView + extension.swift */; };
		8FE937B022709AB800597677 /* UIButton + extension.swift in Sources */ = {isa = PBXBuildFile; fileRef = 8FE937AC22709AB800597677 /* UIButton + extension.swift */; };
		8FE937B122709AB800597677 /* UITextField + extension.swift in Sources */ = {isa = PBXBuildFile; fileRef = 8FE937AD22709AB800597677 /* UITextField + extension.swift */; };
		8FE937B622709AE000597677 /* UITableView+Ext.swift in Sources */ = {isa = PBXBuildFile; fileRef = 8FE937B322709AE000597677 /* UITableView+Ext.swift */; };
		8FE937B722709AE000597677 /* Animations.swift in Sources */ = {isa = PBXBuildFile; fileRef = 8FE937B422709AE000597677 /* Animations.swift */; };
		8FE937B822709AE000597677 /* Animator.swift in Sources */ = {isa = PBXBuildFile; fileRef = 8FE937B522709AE000597677 /* Animator.swift */; };
		8FE937D622709B0D00597677 /* DesignableImageView.swift in Sources */ = {isa = PBXBuildFile; fileRef = 8FE937BA22709B0D00597677 /* DesignableImageView.swift */; };
		8FE937D722709B0D00597677 /* KeyboardLayoutConstraint.swift in Sources */ = {isa = PBXBuildFile; fileRef = 8FE937BB22709B0D00597677 /* KeyboardLayoutConstraint.swift */; };
		8FE937D822709B0D00597677 /* TransitionManager.swift in Sources */ = {isa = PBXBuildFile; fileRef = 8FE937BC22709B0D00597677 /* TransitionManager.swift */; };
		8FE937D922709B0D00597677 /* TransitionZoom.swift in Sources */ = {isa = PBXBuildFile; fileRef = 8FE937BD22709B0D00597677 /* TransitionZoom.swift */; };
		8FE937DA22709B0D00597677 /* ImageLoader.swift in Sources */ = {isa = PBXBuildFile; fileRef = 8FE937BE22709B0D00597677 /* ImageLoader.swift */; };
		8FE937DB22709B0D00597677 /* Spring.swift in Sources */ = {isa = PBXBuildFile; fileRef = 8FE937BF22709B0D00597677 /* Spring.swift */; };
		8FE937DC22709B0D00597677 /* SpringImageView.swift in Sources */ = {isa = PBXBuildFile; fileRef = 8FE937C022709B0D00597677 /* SpringImageView.swift */; };
		8FE937DD22709B0D00597677 /* DesignableLabel.swift in Sources */ = {isa = PBXBuildFile; fileRef = 8FE937C122709B0D00597677 /* DesignableLabel.swift */; };
		8FE937DE22709B0D00597677 /* SoundPlayer.swift in Sources */ = {isa = PBXBuildFile; fileRef = 8FE937C222709B0D00597677 /* SoundPlayer.swift */; };
		8FE937DF22709B0D00597677 /* BlurView.swift in Sources */ = {isa = PBXBuildFile; fileRef = 8FE937C322709B0D00597677 /* BlurView.swift */; };
		8FE937E022709B0D00597677 /* DesignableTextField.swift in Sources */ = {isa = PBXBuildFile; fileRef = 8FE937C422709B0D00597677 /* DesignableTextField.swift */; };
		8FE937E122709B0D00597677 /* SpringButton.swift in Sources */ = {isa = PBXBuildFile; fileRef = 8FE937C522709B0D00597677 /* SpringButton.swift */; };
		8FE937E222709B0D00597677 /* SpringTextView.swift in Sources */ = {isa = PBXBuildFile; fileRef = 8FE937C622709B0D00597677 /* SpringTextView.swift */; };
		8FE937E322709B0D00597677 /* Misc.swift in Sources */ = {isa = PBXBuildFile; fileRef = 8FE937C722709B0D00597677 /* Misc.swift */; };
		8FE937E422709B0D00597677 /* SpringView.swift in Sources */ = {isa = PBXBuildFile; fileRef = 8FE937C822709B0D00597677 /* SpringView.swift */; };
		8FE937E522709B0D00597677 /* DesignableButton.swift in Sources */ = {isa = PBXBuildFile; fileRef = 8FE937C922709B0D00597677 /* DesignableButton.swift */; };
		8FE937E622709B0D00597677 /* SpringTextField.swift in Sources */ = {isa = PBXBuildFile; fileRef = 8FE937CA22709B0D00597677 /* SpringTextField.swift */; };
		8FE937E722709B0D00597677 /* DesignableView.swift in Sources */ = {isa = PBXBuildFile; fileRef = 8FE937CB22709B0D00597677 /* DesignableView.swift */; };
		8FE937E822709B0D00597677 /* DesignableTabBarController.swift in Sources */ = {isa = PBXBuildFile; fileRef = 8FE937CC22709B0D00597677 /* DesignableTabBarController.swift */; };
		8FE937E922709B0D00597677 /* AsyncButton.swift in Sources */ = {isa = PBXBuildFile; fileRef = 8FE937CD22709B0D00597677 /* AsyncButton.swift */; };
		8FE937EA22709B0D00597677 /* LoadingView.xib in Resources */ = {isa = PBXBuildFile; fileRef = 8FE937CE22709B0D00597677 /* LoadingView.xib */; };
		8FE937EB22709B0D00597677 /* SpringLabel.swift in Sources */ = {isa = PBXBuildFile; fileRef = 8FE937CF22709B0D00597677 /* SpringLabel.swift */; };
		8FE937EC22709B0D00597677 /* DesignableTextView.swift in Sources */ = {isa = PBXBuildFile; fileRef = 8FE937D022709B0D00597677 /* DesignableTextView.swift */; };
		8FE937ED22709B0D00597677 /* AutoTextView.swift in Sources */ = {isa = PBXBuildFile; fileRef = 8FE937D122709B0D00597677 /* AutoTextView.swift */; };
		8FE937EE22709B0D00597677 /* SpringAnimation.swift in Sources */ = {isa = PBXBuildFile; fileRef = 8FE937D222709B0D00597677 /* SpringAnimation.swift */; };
		8FE937EF22709B0D00597677 /* UnwindSegue.swift in Sources */ = {isa = PBXBuildFile; fileRef = 8FE937D322709B0D00597677 /* UnwindSegue.swift */; };
		8FE937F022709B0D00597677 /* LoadingView.swift in Sources */ = {isa = PBXBuildFile; fileRef = 8FE937D422709B0D00597677 /* LoadingView.swift */; };
		8FE937F122709B0D00597677 /* AsyncImageView.swift in Sources */ = {isa = PBXBuildFile; fileRef = 8FE937D522709B0D00597677 /* AsyncImageView.swift */; };
		8FE937F322709B4100597677 /* Alert.swift in Sources */ = {isa = PBXBuildFile; fileRef = 8FE937F222709B4100597677 /* Alert.swift */; };
		8FE937F522709BA600597677 /* UIImage + extension.swift in Sources */ = {isa = PBXBuildFile; fileRef = 8FE937F422709BA600597677 /* UIImage + extension.swift */; };
		8FE937F72270AE3900597677 /* URLs.swift in Sources */ = {isa = PBXBuildFile; fileRef = 8FE937F62270AE3900597677 /* URLs.swift */; };
		D4C58443F620C06F56EF3F71 /* Pods_Marasy_Elhoom.framework in Frameworks */ = {isa = PBXBuildFile; fileRef = 67AF0E97B855F0487A1F4ED8 /* Pods_Marasy_Elhoom.framework */; };
/* End PBXBuildFile section */

/* Begin PBXFileReference section */
		0360A4984E7AFB8211197EC8 /* Pods-Marasy-Elhoom.release.xcconfig */ = {isa = PBXFileReference; includeInIndex = 1; lastKnownFileType = text.xcconfig; name = "Pods-Marasy-Elhoom.release.xcconfig"; path = "Pods/Target Support Files/Pods-Marasy-Elhoom/Pods-Marasy-Elhoom.release.xcconfig"; sourceTree = "<group>"; };
		67AF0E97B855F0487A1F4ED8 /* Pods_Marasy_Elhoom.framework */ = {isa = PBXFileReference; explicitFileType = wrapper.framework; includeInIndex = 0; path = Pods_Marasy_Elhoom.framework; sourceTree = BUILT_PRODUCTS_DIR; };
		80DFA1105550B86783156A26 /* Pods-Marasy-Elhoom.debug.xcconfig */ = {isa = PBXFileReference; includeInIndex = 1; lastKnownFileType = text.xcconfig; name = "Pods-Marasy-Elhoom.debug.xcconfig"; path = "Pods/Target Support Files/Pods-Marasy-Elhoom/Pods-Marasy-Elhoom.debug.xcconfig"; sourceTree = "<group>"; };
		8F1097E72271B6A1009074FA /* MainVC.swift */ = {isa = PBXFileReference; lastKnownFileType = sourcecode.swift; path = MainVC.swift; sourceTree = "<group>"; };
		8F1097E92271B749009074FA /* MainCell.swift */ = {isa = PBXFileReference; lastKnownFileType = sourcecode.swift; path = MainCell.swift; sourceTree = "<group>"; };
		8F1097EB2271BB88009074FA /* MainPro.swift */ = {isa = PBXFileReference; lastKnownFileType = sourcecode.swift; path = MainPro.swift; sourceTree = "<group>"; };
		8F1097ED2271BF11009074FA /* API + products.swift */ = {isa = PBXFileReference; lastKnownFileType = sourcecode.swift; path = "API + products.swift"; sourceTree = "<group>"; };
		8F1097EF2271EEF0009074FA /* UITabBar.swift */ = {isa = PBXFileReference; fileEncoding = 4; lastKnownFileType = sourcecode.swift; path = UITabBar.swift; sourceTree = "<group>"; };
		8F1097F22271F247009074FA /* ProductsVC.swift */ = {isa = PBXFileReference; lastKnownFileType = sourcecode.swift; path = ProductsVC.swift; sourceTree = "<group>"; };
		8F1097F42271F2C2009074FA /* ProductCell.swift */ = {isa = PBXFileReference; lastKnownFileType = sourcecode.swift; path = ProductCell.swift; sourceTree = "<group>"; };
		8F1097F62271FB58009074FA /* SginUpVC.swift */ = {isa = PBXFileReference; lastKnownFileType = sourcecode.swift; path = SginUpVC.swift; sourceTree = "<group>"; };
		8F1097F82271FEE4009074FA /* Product.swift */ = {isa = PBXFileReference; lastKnownFileType = sourcecode.swift; path = Product.swift; sourceTree = "<group>"; };
		8F1097FA227201BA009074FA /* ImageInsideTextField.swift */ = {isa = PBXFileReference; fileEncoding = 4; lastKnownFileType = sourcecode.swift; path = ImageInsideTextField.swift; sourceTree = "<group>"; };
		8F1097FC2273A32A009074FA /* ProfileVC.swift */ = {isa = PBXFileReference; lastKnownFileType = sourcecode.swift; path = ProfileVC.swift; sourceTree = "<group>"; };
		8F1097FF2273B2F5009074FA /* MyOrderVC.swift */ = {isa = PBXFileReference; lastKnownFileType = sourcecode.swift; path = MyOrderVC.swift; sourceTree = "<group>"; };
		8F1098012273B3B9009074FA /* MenuCell.swift */ = {isa = PBXFileReference; lastKnownFileType = sourcecode.swift; path = MenuCell.swift; sourceTree = "<group>"; };
		8F1098032273B3E7009074FA /* OrderCell.swift */ = {isa = PBXFileReference; lastKnownFileType = sourcecode.swift; path = OrderCell.swift; sourceTree = "<group>"; };
		8F10980622748417009074FA /* OffersVC.swift */ = {isa = PBXFileReference; lastKnownFileType = sourcecode.swift; path = OffersVC.swift; sourceTree = "<group>"; };
		8F1098082274858B009074FA /* OfferCell.swift */ = {isa = PBXFileReference; lastKnownFileType = sourcecode.swift; path = OfferCell.swift; sourceTree = "<group>"; };
		8F109811227497B0009074FA /* ListVC.swift */ = {isa = PBXFileReference; lastKnownFileType = sourcecode.swift; name = ListVC.swift; path = "Marasy-Elhoom/Controller/Menu/ListVC.swift"; sourceTree = SOURCE_ROOT; };
		8F109813227498F9009074FA /* ListCell.swift */ = {isa = PBXFileReference; lastKnownFileType = sourcecode.swift; path = ListCell.swift; sourceTree = "<group>"; };
		8FB98FBE22708799001118CC /* Marasy-Elhoom.app */ = {isa = PBXFileReference; explicitFileType = wrapper.application; includeInIndex = 0; path = "Marasy-Elhoom.app"; sourceTree = BUILT_PRODUCTS_DIR; };
		8FB98FC12270879A001118CC /* AppDelegate.swift */ = {isa = PBXFileReference; lastKnownFileType = sourcecode.swift; path = AppDelegate.swift; sourceTree = "<group>"; };
		8FB98FC32270879A001118CC /* LoginVC.swift */ = {isa = PBXFileReference; lastKnownFileType = sourcecode.swift; path = LoginVC.swift; sourceTree = "<group>"; };
		8FB98FC62270879B001118CC /* Base */ = {isa = PBXFileReference; lastKnownFileType = file.storyboard; name = Base; path = Base.lproj/Main.storyboard; sourceTree = "<group>"; };
		8FB98FC8227087C1001118CC /* Assets.xcassets */ = {isa = PBXFileReference; lastKnownFileType = folder.assetcatalog; path = Assets.xcassets; sourceTree = "<group>"; };
		8FB98FCB227087C1001118CC /* Base */ = {isa = PBXFileReference; lastKnownFileType = file.storyboard; name = Base; path = Base.lproj/LaunchScreen.storyboard; sourceTree = "<group>"; };
		8FB98FCD227087C1001118CC /* Info.plist */ = {isa = PBXFileReference; lastKnownFileType = text.plist.xml; path = Info.plist; sourceTree = "<group>"; };
		8FD2814B2274A17400B6D6C5 /* RulesVC.swift */ = {isa = PBXFileReference; lastKnownFileType = sourcecode.swift; path = RulesVC.swift; sourceTree = "<group>"; };
		8FD2814D2274FB6900B6D6C5 /* ContactUSVC.swift */ = {isa = PBXFileReference; lastKnownFileType = sourcecode.swift; path = ContactUSVC.swift; sourceTree = "<group>"; };
		8FD2814F2275AD8B00B6D6C5 /* API + Others.swift */ = {isa = PBXFileReference; lastKnownFileType = sourcecode.swift; path = "API + Others.swift"; sourceTree = "<group>"; };
		8FD281512275B10B00B6D6C5 /* TextView + extesnions.swift */ = {isa = PBXFileReference; lastKnownFileType = sourcecode.swift; path = "TextView + extesnions.swift"; sourceTree = "<group>"; };
		8FD281542275BCEC00B6D6C5 /* ContentVC.swift */ = {isa = PBXFileReference; lastKnownFileType = sourcecode.swift; path = ContentVC.swift; sourceTree = "<group>"; };
		8FD28156227863B700B6D6C5 /* MyOrder.swift */ = {isa = PBXFileReference; lastKnownFileType = sourcecode.swift; path = MyOrder.swift; sourceTree = "<group>"; };
		8FE9378D22708F4A00597677 /* ar */ = {isa = PBXFileReference; lastKnownFileType = text.plist.strings; name = ar; path = ar.lproj/LaunchScreen.strings; sourceTree = "<group>"; };
		8FE9378E22708F4A00597677 /* ar */ = {isa = PBXFileReference; lastKnownFileType = text.plist.strings; name = ar; path = ar.lproj/Main.strings; sourceTree = "<group>"; };
		8FE9379322708FC400597677 /* en */ = {isa = PBXFileReference; lastKnownFileType = text.plist.strings; name = en; path = en.lproj/Localizable.strings; sourceTree = "<group>"; };
		8FE9379522708FCA00597677 /* ar */ = {isa = PBXFileReference; lastKnownFileType = text.plist.strings; name = ar; path = ar.lproj/Localizable.strings; sourceTree = "<group>"; };
		8FE9379722708FEB00597677 /* CheckLanguage.swift */ = {isa = PBXFileReference; fileEncoding = 4; lastKnownFileType = sourcecode.swift; path = CheckLanguage.swift; sourceTree = "<group>"; };
		8FE9379822708FEB00597677 /* General.swift */ = {isa = PBXFileReference; fileEncoding = 4; lastKnownFileType = sourcecode.swift; path = General.swift; sourceTree = "<group>"; };
		8FE9379922708FEB00597677 /* Helper.swift */ = {isa = PBXFileReference; fileEncoding = 4; lastKnownFileType = sourcecode.swift; path = Helper.swift; sourceTree = "<group>"; };
		8FE9379E2270981F00597677 /* API.swift */ = {isa = PBXFileReference; lastKnownFileType = sourcecode.swift; path = API.swift; sourceTree = "<group>"; };
		8FE937A122709A7000597677 /* Double + Extension.swift */ = {isa = PBXFileReference; fileEncoding = 4; lastKnownFileType = sourcecode.swift; path = "Double + Extension.swift"; sourceTree = "<group>"; };
		8FE937A222709A7000597677 /* Validation+Extension.swift */ = {isa = PBXFileReference; fileEncoding = 4; lastKnownFileType = sourcecode.swift; path = "Validation+Extension.swift"; sourceTree = "<group>"; };
		8FE937A322709A7000597677 /* JSON+Extension.swift */ = {isa = PBXFileReference; fileEncoding = 4; lastKnownFileType = sourcecode.swift; path = "JSON+Extension.swift"; sourceTree = "<group>"; };
		8FE937A422709A7000597677 /* String + Extension.swift */ = {isa = PBXFileReference; fileEncoding = 4; lastKnownFileType = sourcecode.swift; path = "String + Extension.swift"; sourceTree = "<group>"; };
		8FE937AA22709AB800597677 /* ViewController + extensions.swift */ = {isa = PBXFileReference; fileEncoding = 4; lastKnownFileType = sourcecode.swift; path = "ViewController + extensions.swift"; sourceTree = "<group>"; };
		8FE937AB22709AB800597677 /* UIView + extension.swift */ = {isa = PBXFileReference; fileEncoding = 4; lastKnownFileType = sourcecode.swift; path = "UIView + extension.swift"; sourceTree = "<group>"; };
		8FE937AC22709AB800597677 /* UIButton + extension.swift */ = {isa = PBXFileReference; fileEncoding = 4; lastKnownFileType = sourcecode.swift; path = "UIButton + extension.swift"; sourceTree = "<group>"; };
		8FE937AD22709AB800597677 /* UITextField + extension.swift */ = {isa = PBXFileReference; fileEncoding = 4; lastKnownFileType = sourcecode.swift; path = "UITextField + extension.swift"; sourceTree = "<group>"; };
		8FE937B322709AE000597677 /* UITableView+Ext.swift */ = {isa = PBXFileReference; fileEncoding = 4; lastKnownFileType = sourcecode.swift; path = "UITableView+Ext.swift"; sourceTree = "<group>"; };
		8FE937B422709AE000597677 /* Animations.swift */ = {isa = PBXFileReference; fileEncoding = 4; lastKnownFileType = sourcecode.swift; path = Animations.swift; sourceTree = "<group>"; };
		8FE937B522709AE000597677 /* Animator.swift */ = {isa = PBXFileReference; fileEncoding = 4; lastKnownFileType = sourcecode.swift; path = Animator.swift; sourceTree = "<group>"; };
		8FE937BA22709B0D00597677 /* DesignableImageView.swift */ = {isa = PBXFileReference; fileEncoding = 4; lastKnownFileType = sourcecode.swift; path = DesignableImageView.swift; sourceTree = "<group>"; };
		8FE937BB22709B0D00597677 /* KeyboardLayoutConstraint.swift */ = {isa = PBXFileReference; fileEncoding = 4; lastKnownFileType = sourcecode.swift; path = KeyboardLayoutConstraint.swift; sourceTree = "<group>"; };
		8FE937BC22709B0D00597677 /* TransitionManager.swift */ = {isa = PBXFileReference; fileEncoding = 4; lastKnownFileType = sourcecode.swift; path = TransitionManager.swift; sourceTree = "<group>"; };
		8FE937BD22709B0D00597677 /* TransitionZoom.swift */ = {isa = PBXFileReference; fileEncoding = 4; lastKnownFileType = sourcecode.swift; path = TransitionZoom.swift; sourceTree = "<group>"; };
		8FE937BE22709B0D00597677 /* ImageLoader.swift */ = {isa = PBXFileReference; fileEncoding = 4; lastKnownFileType = sourcecode.swift; path = ImageLoader.swift; sourceTree = "<group>"; };
		8FE937BF22709B0D00597677 /* Spring.swift */ = {isa = PBXFileReference; fileEncoding = 4; lastKnownFileType = sourcecode.swift; path = Spring.swift; sourceTree = "<group>"; };
		8FE937C022709B0D00597677 /* SpringImageView.swift */ = {isa = PBXFileReference; fileEncoding = 4; lastKnownFileType = sourcecode.swift; path = SpringImageView.swift; sourceTree = "<group>"; };
		8FE937C122709B0D00597677 /* DesignableLabel.swift */ = {isa = PBXFileReference; fileEncoding = 4; lastKnownFileType = sourcecode.swift; path = DesignableLabel.swift; sourceTree = "<group>"; };
		8FE937C222709B0D00597677 /* SoundPlayer.swift */ = {isa = PBXFileReference; fileEncoding = 4; lastKnownFileType = sourcecode.swift; path = SoundPlayer.swift; sourceTree = "<group>"; };
		8FE937C322709B0D00597677 /* BlurView.swift */ = {isa = PBXFileReference; fileEncoding = 4; lastKnownFileType = sourcecode.swift; path = BlurView.swift; sourceTree = "<group>"; };
		8FE937C422709B0D00597677 /* DesignableTextField.swift */ = {isa = PBXFileReference; fileEncoding = 4; lastKnownFileType = sourcecode.swift; path = DesignableTextField.swift; sourceTree = "<group>"; };
		8FE937C522709B0D00597677 /* SpringButton.swift */ = {isa = PBXFileReference; fileEncoding = 4; lastKnownFileType = sourcecode.swift; path = SpringButton.swift; sourceTree = "<group>"; };
		8FE937C622709B0D00597677 /* SpringTextView.swift */ = {isa = PBXFileReference; fileEncoding = 4; lastKnownFileType = sourcecode.swift; path = SpringTextView.swift; sourceTree = "<group>"; };
		8FE937C722709B0D00597677 /* Misc.swift */ = {isa = PBXFileReference; fileEncoding = 4; lastKnownFileType = sourcecode.swift; path = Misc.swift; sourceTree = "<group>"; };
		8FE937C822709B0D00597677 /* SpringView.swift */ = {isa = PBXFileReference; fileEncoding = 4; lastKnownFileType = sourcecode.swift; path = SpringView.swift; sourceTree = "<group>"; };
		8FE937C922709B0D00597677 /* DesignableButton.swift */ = {isa = PBXFileReference; fileEncoding = 4; lastKnownFileType = sourcecode.swift; path = DesignableButton.swift; sourceTree = "<group>"; };
		8FE937CA22709B0D00597677 /* SpringTextField.swift */ = {isa = PBXFileReference; fileEncoding = 4; lastKnownFileType = sourcecode.swift; path = SpringTextField.swift; sourceTree = "<group>"; };
		8FE937CB22709B0D00597677 /* DesignableView.swift */ = {isa = PBXFileReference; fileEncoding = 4; lastKnownFileType = sourcecode.swift; path = DesignableView.swift; sourceTree = "<group>"; };
		8FE937CC22709B0D00597677 /* DesignableTabBarController.swift */ = {isa = PBXFileReference; fileEncoding = 4; lastKnownFileType = sourcecode.swift; path = DesignableTabBarController.swift; sourceTree = "<group>"; };
		8FE937CD22709B0D00597677 /* AsyncButton.swift */ = {isa = PBXFileReference; fileEncoding = 4; lastKnownFileType = sourcecode.swift; path = AsyncButton.swift; sourceTree = "<group>"; };
		8FE937CE22709B0D00597677 /* LoadingView.xib */ = {isa = PBXFileReference; fileEncoding = 4; lastKnownFileType = file.xib; path = LoadingView.xib; sourceTree = "<group>"; };
		8FE937CF22709B0D00597677 /* SpringLabel.swift */ = {isa = PBXFileReference; fileEncoding = 4; lastKnownFileType = sourcecode.swift; path = SpringLabel.swift; sourceTree = "<group>"; };
		8FE937D022709B0D00597677 /* DesignableTextView.swift */ = {isa = PBXFileReference; fileEncoding = 4; lastKnownFileType = sourcecode.swift; path = DesignableTextView.swift; sourceTree = "<group>"; };
		8FE937D122709B0D00597677 /* AutoTextView.swift */ = {isa = PBXFileReference; fileEncoding = 4; lastKnownFileType = sourcecode.swift; path = AutoTextView.swift; sourceTree = "<group>"; };
		8FE937D222709B0D00597677 /* SpringAnimation.swift */ = {isa = PBXFileReference; fileEncoding = 4; lastKnownFileType = sourcecode.swift; path = SpringAnimation.swift; sourceTree = "<group>"; };
		8FE937D322709B0D00597677 /* UnwindSegue.swift */ = {isa = PBXFileReference; fileEncoding = 4; lastKnownFileType = sourcecode.swift; path = UnwindSegue.swift; sourceTree = "<group>"; };
		8FE937D422709B0D00597677 /* LoadingView.swift */ = {isa = PBXFileReference; fileEncoding = 4; lastKnownFileType = sourcecode.swift; path = LoadingView.swift; sourceTree = "<group>"; };
		8FE937D522709B0D00597677 /* AsyncImageView.swift */ = {isa = PBXFileReference; fileEncoding = 4; lastKnownFileType = sourcecode.swift; path = AsyncImageView.swift; sourceTree = "<group>"; };
		8FE937F222709B4100597677 /* Alert.swift */ = {isa = PBXFileReference; fileEncoding = 4; lastKnownFileType = sourcecode.swift; path = Alert.swift; sourceTree = "<group>"; };
		8FE937F422709BA600597677 /* UIImage + extension.swift */ = {isa = PBXFileReference; lastKnownFileType = sourcecode.swift; path = "UIImage + extension.swift"; sourceTree = "<group>"; };
		8FE937F62270AE3900597677 /* URLs.swift */ = {isa = PBXFileReference; lastKnownFileType = sourcecode.swift; path = URLs.swift; sourceTree = "<group>"; };
/* End PBXFileReference section */

/* Begin PBXFrameworksBuildPhase section */
		8FB98FBB22708799001118CC /* Frameworks */ = {
			isa = PBXFrameworksBuildPhase;
			buildActionMask = 2147483647;
			files = (
				D4C58443F620C06F56EF3F71 /* Pods_Marasy_Elhoom.framework in Frameworks */,
			);
			runOnlyForDeploymentPostprocessing = 0;
		};
/* End PBXFrameworksBuildPhase section */

/* Begin PBXGroup section */
		0664E0AC51C10AAFCFAB457E /* Frameworks */ = {
			isa = PBXGroup;
			children = (
				67AF0E97B855F0487A1F4ED8 /* Pods_Marasy_Elhoom.framework */,
			);
			name = Frameworks;
			sourceTree = "<group>";
		};
		6DA3854C11939260CF1DE618 /* Pods */ = {
			isa = PBXGroup;
			children = (
				80DFA1105550B86783156A26 /* Pods-Marasy-Elhoom.debug.xcconfig */,
				0360A4984E7AFB8211197EC8 /* Pods-Marasy-Elhoom.release.xcconfig */,
			);
			name = Pods;
			sourceTree = "<group>";
		};
		8F1097E62271B639009074FA /* MainVC */ = {
			isa = PBXGroup;
			children = (
				8F1097F12271F206009074FA /* Products */,
				8F1097E72271B6A1009074FA /* MainVC.swift */,
				8F1097E92271B749009074FA /* MainCell.swift */,
			);
			path = MainVC;
			sourceTree = "<group>";
		};
		8F1097F12271F206009074FA /* Products */ = {
			isa = PBXGroup;
			children = (
				8FD281532275BCC500B6D6C5 /* Deatils */,
				8F1097F22271F247009074FA /* ProductsVC.swift */,
				8F1097F42271F2C2009074FA /* ProductCell.swift */,
			);
			path = Products;
			sourceTree = "<group>";
		};
		8F1097FE2273B213009074FA /* My Orders */ = {
			isa = PBXGroup;
			children = (
				8F1097FF2273B2F5009074FA /* MyOrderVC.swift */,
				8F1098012273B3B9009074FA /* MenuCell.swift */,
				8F1098032273B3E7009074FA /* OrderCell.swift */,
			);
			path = "My Orders";
			sourceTree = "<group>";
		};
		8F109805227483A1009074FA /* Offers */ = {
			isa = PBXGroup;
			children = (
				8F10980622748417009074FA /* OffersVC.swift */,
				8F1098082274858B009074FA /* OfferCell.swift */,
			);
			path = Offers;
			sourceTree = "<group>";
		};
		8F1098102274976F009074FA /* List */ = {
			isa = PBXGroup;
			children = (
				8F109811227497B0009074FA /* ListVC.swift */,
				8F109813227498F9009074FA /* ListCell.swift */,
			);
			path = List;
			sourceTree = "<group>";
		};
		8FB98FB522708798001118CC = {
			isa = PBXGroup;
			children = (
				8FB98FC022708799001118CC /* Marasy-Elhoom */,
				8FB98FBF22708799001118CC /* Products */,
				6DA3854C11939260CF1DE618 /* Pods */,
				0664E0AC51C10AAFCFAB457E /* Frameworks */,
			);
			sourceTree = "<group>";
		};
		8FB98FBF22708799001118CC /* Products */ = {
			isa = PBXGroup;
			children = (
				8FB98FBE22708799001118CC /* Marasy-Elhoom.app */,
			);
			name = Products;
			sourceTree = "<group>";
		};
		8FB98FC022708799001118CC /* Marasy-Elhoom */ = {
			isa = PBXGroup;
			children = (
				8FE937A022709A7000597677 /* Extensions */,
				8FE9379D2270912300597677 /* Services */,
				8FE9379622708FEB00597677 /* Supporting files */,
				8FE9378F22708F5A00597677 /* Localization */,
				8FE9378C22708EFE00597677 /* API */,
				8FE9378922708EAD00597677 /* Controller */,
				8FE9378822708EA700597677 /* View */,
				8FE9378722708E8C00597677 /* Model */,
				8FB98FC8227087C1001118CC /* Assets.xcassets */,
			);
			path = "Marasy-Elhoom";
			sourceTree = "<group>";
		};
		8FD281532275BCC500B6D6C5 /* Deatils */ = {
			isa = PBXGroup;
			children = (
				8FD281542275BCEC00B6D6C5 /* ContentVC.swift */,
			);
			path = Deatils;
			sourceTree = "<group>";
		};
		8FE9378722708E8C00597677 /* Model */ = {
			isa = PBXGroup;
			children = (
				8F1097EB2271BB88009074FA /* MainPro.swift */,
				8F1097F82271FEE4009074FA /* Product.swift */,
				8FD28156227863B700B6D6C5 /* MyOrder.swift */,
			);
			path = Model;
			sourceTree = "<group>";
		};
		8FE9378822708EA700597677 /* View */ = {
			isa = PBXGroup;
			children = (
				8FB98FC52270879B001118CC /* Main.storyboard */,
				8FB98FCA227087C1001118CC /* LaunchScreen.storyboard */,
				8FE937B922709B0D00597677 /* Spring */,
				8FE937A922709AB800597677 /* extenstion */,
				8FE937B222709AE000597677 /* TableViewAnimation */,
				8FE937F222709B4100597677 /* Alert.swift */,
				8F1097FA227201BA009074FA /* ImageInsideTextField.swift */,
			);
			path = View;
			sourceTree = "<group>";
		};
		8FE9378922708EAD00597677 /* Controller */ = {
			isa = PBXGroup;
			children = (
				8FE9378B22708EC500597677 /* Auth */,
				8F1097E62271B639009074FA /* MainVC */,
				8F1097FE2273B213009074FA /* My Orders */,
				8F109805227483A1009074FA /* Offers */,
				8F1098102274976F009074FA /* List */,
				8FE9378A22708EB600597677 /* Others */,
			);
			path = Controller;
			sourceTree = "<group>";
		};
		8FE9378A22708EB600597677 /* Others */ = {
			isa = PBXGroup;
			children = (
				8FB98FC12270879A001118CC /* AppDelegate.swift */,
				8F1097EF2271EEF0009074FA /* UITabBar.swift */,
				8FD2814B2274A17400B6D6C5 /* RulesVC.swift */,
				8FD2814D2274FB6900B6D6C5 /* ContactUSVC.swift */,
			);
			path = Others;
			sourceTree = "<group>";
		};
		8FE9378B22708EC500597677 /* Auth */ = {
			isa = PBXGroup;
			children = (
				8FB98FC32270879A001118CC /* LoginVC.swift */,
				8F1097F62271FB58009074FA /* SginUpVC.swift */,
				8F1097FC2273A32A009074FA /* ProfileVC.swift */,
			);
			path = Auth;
			sourceTree = "<group>";
		};
		8FE9378C22708EFE00597677 /* API */ = {
			isa = PBXGroup;
			children = (
				8FE937F62270AE3900597677 /* URLs.swift */,
				8FE9379E2270981F00597677 /* API.swift */,
				8F1097ED2271BF11009074FA /* API + products.swift */,
				8FD2814F2275AD8B00B6D6C5 /* API + Others.swift */,
			);
			path = API;
			sourceTree = "<group>";
		};
		8FE9378F22708F5A00597677 /* Localization */ = {
			isa = PBXGroup;
			children = (
				8FE9379422708FC400597677 /* Localizable.strings */,
			);
			path = Localization;
			sourceTree = "<group>";
		};
		8FE9379622708FEB00597677 /* Supporting files */ = {
			isa = PBXGroup;
			children = (
				8FE9379722708FEB00597677 /* CheckLanguage.swift */,
				8FE9379822708FEB00597677 /* General.swift */,
				8FE9379922708FEB00597677 /* Helper.swift */,
			);
			path = "Supporting files";
			sourceTree = "<group>";
		};
		8FE9379D2270912300597677 /* Services */ = {
			isa = PBXGroup;
			children = (
				8FB98FCD227087C1001118CC /* Info.plist */,
			);
			path = Services;
			sourceTree = "<group>";
		};
		8FE937A022709A7000597677 /* Extensions */ = {
			isa = PBXGroup;
			children = (
				8FE937A122709A7000597677 /* Double + Extension.swift */,
				8FE937A222709A7000597677 /* Validation+Extension.swift */,
				8FE937A322709A7000597677 /* JSON+Extension.swift */,
				8FE937A422709A7000597677 /* String + Extension.swift */,
			);
			path = Extensions;
			sourceTree = "<group>";
		};
		8FE937A922709AB800597677 /* extenstion */ = {
			isa = PBXGroup;
			children = (
				8FE937AA22709AB800597677 /* ViewController + extensions.swift */,
				8FE937AB22709AB800597677 /* UIView + extension.swift */,
				8FE937AC22709AB800597677 /* UIButton + extension.swift */,
				8FE937AD22709AB800597677 /* UITextField + extension.swift */,
				8FE937F422709BA600597677 /* UIImage + extension.swift */,
				8FD281512275B10B00B6D6C5 /* TextView + extesnions.swift */,
			);
			path = extenstion;
			sourceTree = "<group>";
		};
		8FE937B222709AE000597677 /* TableViewAnimation */ = {
			isa = PBXGroup;
			children = (
				8FE937B322709AE000597677 /* UITableView+Ext.swift */,
				8FE937B422709AE000597677 /* Animations.swift */,
				8FE937B522709AE000597677 /* Animator.swift */,
			);
			path = TableViewAnimation;
			sourceTree = "<group>";
		};
		8FE937B922709B0D00597677 /* Spring */ = {
			isa = PBXGroup;
			children = (
				8FE937BA22709B0D00597677 /* DesignableImageView.swift */,
				8FE937BB22709B0D00597677 /* KeyboardLayoutConstraint.swift */,
				8FE937BC22709B0D00597677 /* TransitionManager.swift */,
				8FE937BD22709B0D00597677 /* TransitionZoom.swift */,
				8FE937BE22709B0D00597677 /* ImageLoader.swift */,
				8FE937BF22709B0D00597677 /* Spring.swift */,
				8FE937C022709B0D00597677 /* SpringImageView.swift */,
				8FE937C122709B0D00597677 /* DesignableLabel.swift */,
				8FE937C222709B0D00597677 /* SoundPlayer.swift */,
				8FE937C322709B0D00597677 /* BlurView.swift */,
				8FE937C422709B0D00597677 /* DesignableTextField.swift */,
				8FE937C522709B0D00597677 /* SpringButton.swift */,
				8FE937C622709B0D00597677 /* SpringTextView.swift */,
				8FE937C722709B0D00597677 /* Misc.swift */,
				8FE937C822709B0D00597677 /* SpringView.swift */,
				8FE937C922709B0D00597677 /* DesignableButton.swift */,
				8FE937CA22709B0D00597677 /* SpringTextField.swift */,
				8FE937CB22709B0D00597677 /* DesignableView.swift */,
				8FE937CC22709B0D00597677 /* DesignableTabBarController.swift */,
				8FE937CD22709B0D00597677 /* AsyncButton.swift */,
				8FE937CE22709B0D00597677 /* LoadingView.xib */,
				8FE937CF22709B0D00597677 /* SpringLabel.swift */,
				8FE937D022709B0D00597677 /* DesignableTextView.swift */,
				8FE937D122709B0D00597677 /* AutoTextView.swift */,
				8FE937D222709B0D00597677 /* SpringAnimation.swift */,
				8FE937D322709B0D00597677 /* UnwindSegue.swift */,
				8FE937D422709B0D00597677 /* LoadingView.swift */,
				8FE937D522709B0D00597677 /* AsyncImageView.swift */,
			);
			path = Spring;
			sourceTree = "<group>";
		};
/* End PBXGroup section */

/* Begin PBXNativeTarget section */
		8FB98FBD22708799001118CC /* Marasy-Elhoom */ = {
			isa = PBXNativeTarget;
			buildConfigurationList = 8FB98FD0227087C1001118CC /* Build configuration list for PBXNativeTarget "Marasy-Elhoom" */;
			buildPhases = (
				6CEBA736963D9D5A173FF165 /* [CP] Check Pods Manifest.lock */,
				8FB98FBA22708799001118CC /* Sources */,
				8FB98FBB22708799001118CC /* Frameworks */,
				8FB98FBC22708799001118CC /* Resources */,
				CAF5FFF089D4F51FFC481A30 /* [CP] Embed Pods Frameworks */,
			);
			buildRules = (
			);
			dependencies = (
			);
			name = "Marasy-Elhoom";
			productName = "Marasy-Elhoom";
			productReference = 8FB98FBE22708799001118CC /* Marasy-Elhoom.app */;
			productType = "com.apple.product-type.application";
		};
/* End PBXNativeTarget section */

/* Begin PBXProject section */
		8FB98FB622708798001118CC /* Project object */ = {
			isa = PBXProject;
			attributes = {
				LastSwiftUpdateCheck = 1010;
				LastUpgradeCheck = 1010;
				ORGANIZATIONNAME = CreativeShare;
				TargetAttributes = {
					8FB98FBD22708799001118CC = {
						CreatedOnToolsVersion = 10.1;
					};
				};
			};
			buildConfigurationList = 8FB98FB922708798001118CC /* Build configuration list for PBXProject "Marasy-Elhoom" */;
			compatibilityVersion = "Xcode 9.3";
			developmentRegion = en;
			hasScannedForEncodings = 0;
			knownRegions = (
				en,
				Base,
				ar,
			);
			mainGroup = 8FB98FB522708798001118CC;
			productRefGroup = 8FB98FBF22708799001118CC /* Products */;
			projectDirPath = "";
			projectRoot = "";
			targets = (
				8FB98FBD22708799001118CC /* Marasy-Elhoom */,
			);
		};
/* End PBXProject section */

/* Begin PBXResourcesBuildPhase section */
		8FB98FBC22708799001118CC /* Resources */ = {
			isa = PBXResourcesBuildPhase;
			buildActionMask = 2147483647;
			files = (
				8FB98FCC227087C1001118CC /* LaunchScreen.storyboard in Resources */,
				8FE9379222708FC400597677 /* Localizable.strings in Resources */,
				8FB98FC9227087C1001118CC /* Assets.xcassets in Resources */,
				8FB98FC72270879B001118CC /* Main.storyboard in Resources */,
				8FE937EA22709B0D00597677 /* LoadingView.xib in Resources */,
			);
			runOnlyForDeploymentPostprocessing = 0;
		};
/* End PBXResourcesBuildPhase section */

/* Begin PBXShellScriptBuildPhase section */
		6CEBA736963D9D5A173FF165 /* [CP] Check Pods Manifest.lock */ = {
			isa = PBXShellScriptBuildPhase;
			buildActionMask = 2147483647;
			files = (
			);
			inputFileListPaths = (
			);
			inputPaths = (
				"${PODS_PODFILE_DIR_PATH}/Podfile.lock",
				"${PODS_ROOT}/Manifest.lock",
			);
			name = "[CP] Check Pods Manifest.lock";
			outputFileListPaths = (
			);
			outputPaths = (
				"$(DERIVED_FILE_DIR)/Pods-Marasy-Elhoom-checkManifestLockResult.txt",
			);
			runOnlyForDeploymentPostprocessing = 0;
			shellPath = /bin/sh;
			shellScript = "diff \"${PODS_PODFILE_DIR_PATH}/Podfile.lock\" \"${PODS_ROOT}/Manifest.lock\" > /dev/null\nif [ $? != 0 ] ; then\n    # print error to STDERR\n    echo \"error: The sandbox is not in sync with the Podfile.lock. Run 'pod install' or update your CocoaPods installation.\" >&2\n    exit 1\nfi\n# This output is used by Xcode 'outputs' to avoid re-running this script phase.\necho \"SUCCESS\" > \"${SCRIPT_OUTPUT_FILE_0}\"\n";
			showEnvVarsInLog = 0;
		};
		CAF5FFF089D4F51FFC481A30 /* [CP] Embed Pods Frameworks */ = {
			isa = PBXShellScriptBuildPhase;
			buildActionMask = 2147483647;
			files = (
			);
			inputFileListPaths = (
			);
			inputPaths = (
				"${SRCROOT}/Pods/Target Support Files/Pods-Marasy-Elhoom/Pods-Marasy-Elhoom-frameworks.sh",
				"${BUILT_PRODUCTS_DIR}/Alamofire/Alamofire.framework",
				"${BUILT_PRODUCTS_DIR}/GoogleUtilities/GoogleUtilities.framework",
				"${BUILT_PRODUCTS_DIR}/IQKeyboardManagerSwift/IQKeyboardManagerSwift.framework",
				"${BUILT_PRODUCTS_DIR}/ImageSlideshow/ImageSlideshow.framework",
				"${BUILT_PRODUCTS_DIR}/Kingfisher/Kingfisher.framework",
				"${BUILT_PRODUCTS_DIR}/Protobuf/Protobuf.framework",
				"${BUILT_PRODUCTS_DIR}/SVProgressHUD/SVProgressHUD.framework",
				"${BUILT_PRODUCTS_DIR}/SwiftyJSON/SwiftyJSON.framework",
				"${BUILT_PRODUCTS_DIR}/nanopb/nanopb.framework",
			);
			name = "[CP] Embed Pods Frameworks";
			outputFileListPaths = (
			);
			outputPaths = (
				"${TARGET_BUILD_DIR}/${FRAMEWORKS_FOLDER_PATH}/Alamofire.framework",
				"${TARGET_BUILD_DIR}/${FRAMEWORKS_FOLDER_PATH}/GoogleUtilities.framework",
				"${TARGET_BUILD_DIR}/${FRAMEWORKS_FOLDER_PATH}/IQKeyboardManagerSwift.framework",
				"${TARGET_BUILD_DIR}/${FRAMEWORKS_FOLDER_PATH}/ImageSlideshow.framework",
				"${TARGET_BUILD_DIR}/${FRAMEWORKS_FOLDER_PATH}/Kingfisher.framework",
				"${TARGET_BUILD_DIR}/${FRAMEWORKS_FOLDER_PATH}/Protobuf.framework",
				"${TARGET_BUILD_DIR}/${FRAMEWORKS_FOLDER_PATH}/SVProgressHUD.framework",
				"${TARGET_BUILD_DIR}/${FRAMEWORKS_FOLDER_PATH}/SwiftyJSON.framework",
				"${TARGET_BUILD_DIR}/${FRAMEWORKS_FOLDER_PATH}/nanopb.framework",
			);
			runOnlyForDeploymentPostprocessing = 0;
			shellPath = /bin/sh;
			shellScript = "\"${SRCROOT}/Pods/Target Support Files/Pods-Marasy-Elhoom/Pods-Marasy-Elhoom-frameworks.sh\"\n";
			showEnvVarsInLog = 0;
		};
/* End PBXShellScriptBuildPhase section */

/* Begin PBXSourcesBuildPhase section */
		8FB98FBA22708799001118CC /* Sources */ = {
			isa = PBXSourcesBuildPhase;
			buildActionMask = 2147483647;
			files = (
				8F1097F32271F247009074FA /* ProductsVC.swift in Sources */,
				8FE937EE22709B0D00597677 /* SpringAnimation.swift in Sources */,
				8FE937E322709B0D00597677 /* Misc.swift in Sources */,
				8FE937EB22709B0D00597677 /* SpringLabel.swift in Sources */,
				8F1098042273B3E7009074FA /* OrderCell.swift in Sources */,
				8FD281522275B10B00B6D6C5 /* TextView + extesnions.swift in Sources */,
				8FE937DE22709B0D00597677 /* SoundPlayer.swift in Sources */,
				8FE937A622709A7200597677 /* Validation+Extension.swift in Sources */,
				8FB98FC42270879A001118CC /* LoginVC.swift in Sources */,
				8FE937E022709B0D00597677 /* DesignableTextField.swift in Sources */,
				8FE937A822709A7200597677 /* String + Extension.swift in Sources */,
				8FE937D722709B0D00597677 /* KeyboardLayoutConstraint.swift in Sources */,
				8F10980722748418009074FA /* OffersVC.swift in Sources */,
				8FE937DF22709B0D00597677 /* BlurView.swift in Sources */,
				8FE937A522709A7200597677 /* Double + Extension.swift in Sources */,
				8FB98FC22270879A001118CC /* AppDelegate.swift in Sources */,
				8FE937EF22709B0D00597677 /* UnwindSegue.swift in Sources */,
				8FE937F522709BA600597677 /* UIImage + extension.swift in Sources */,
				8F1097FB227201BA009074FA /* ImageInsideTextField.swift in Sources */,
				8F109814227498F9009074FA /* ListCell.swift in Sources */,
				8F1097F52271F2C2009074FA /* ProductCell.swift in Sources */,
				8FE937D922709B0D00597677 /* TransitionZoom.swift in Sources */,
				8FE937B122709AB800597677 /* UITextField + extension.swift in Sources */,
				8FE937E622709B0D00597677 /* SpringTextField.swift in Sources */,
				8FE937ED22709B0D00597677 /* AutoTextView.swift in Sources */,
				8FE937B022709AB800597677 /* UIButton + extension.swift in Sources */,
				8FE937F322709B4100597677 /* Alert.swift in Sources */,
				8FE937E222709B0D00597677 /* SpringTextView.swift in Sources */,
				8FE937F022709B0D00597677 /* LoadingView.swift in Sources */,
				8FE9379C22708FEB00597677 /* Helper.swift in Sources */,
				8F109812227497B0009074FA /* ListVC.swift in Sources */,
				8F1098022273B3B9009074FA /* MenuCell.swift in Sources */,
				8FD281552275BCEC00B6D6C5 /* ContentVC.swift in Sources */,
				8FD28157227863B700B6D6C5 /* MyOrder.swift in Sources */,
				8FD281502275AD8B00B6D6C5 /* API + Others.swift in Sources */,
				8FE9379B22708FEB00597677 /* General.swift in Sources */,
				8F1097F72271FB58009074FA /* SginUpVC.swift in Sources */,
				8F1097EC2271BB88009074FA /* MainPro.swift in Sources */,
				8FE9379F2270981F00597677 /* API.swift in Sources */,
				8F1098002273B2F5009074FA /* MyOrderVC.swift in Sources */,
				8FE937E722709B0D00597677 /* DesignableView.swift in Sources */,
				8FE937AF22709AB800597677 /* UIView + extension.swift in Sources */,
				8F1097FD2273A32A009074FA /* ProfileVC.swift in Sources */,
				8FE937A722709A7200597677 /* JSON+Extension.swift in Sources */,
				8FE937B622709AE000597677 /* UITableView+Ext.swift in Sources */,
				8F1097EA2271B749009074FA /* MainCell.swift in Sources */,
				8FE937F122709B0D00597677 /* AsyncImageView.swift in Sources */,
				8FE937E922709B0D00597677 /* AsyncButton.swift in Sources */,
				8FE937DB22709B0D00597677 /* Spring.swift in Sources */,
				8FE937B822709AE000597677 /* Animator.swift in Sources */,
				8FD2814E2274FB6A00B6D6C5 /* ContactUSVC.swift in Sources */,
				8FE937DC22709B0D00597677 /* SpringImageView.swift in Sources */,
				8FE937DA22709B0D00597677 /* ImageLoader.swift in Sources */,
				8FE937AE22709AB800597677 /* ViewController + extensions.swift in Sources */,
				8F1097F92271FEE4009074FA /* Product.swift in Sources */,
				8FE937F72270AE3900597677 /* URLs.swift in Sources */,
				8F1097F02271EEF0009074FA /* UITabBar.swift in Sources */,
				8F1097E82271B6A1009074FA /* MainVC.swift in Sources */,
				8FE937E422709B0D00597677 /* SpringView.swift in Sources */,
				8FE937E522709B0D00597677 /* DesignableButton.swift in Sources */,
				8FE937DD22709B0D00597677 /* DesignableLabel.swift in Sources */,
				8FD2814C2274A17400B6D6C5 /* RulesVC.swift in Sources */,
				8FE937D822709B0D00597677 /* TransitionManager.swift in Sources */,
				8FE937B722709AE000597677 /* Animations.swift in Sources */,
				8F1097EE2271BF11009074FA /* API + products.swift in Sources */,
				8FE937E122709B0D00597677 /* SpringButton.swift in Sources */,
				8FE937D622709B0D00597677 /* DesignableImageView.swift in Sources */,
				8FE937EC22709B0D00597677 /* DesignableTextView.swift in Sources */,
				8FE937E822709B0D00597677 /* DesignableTabBarController.swift in Sources */,
				8FE9379A22708FEB00597677 /* CheckLanguage.swift in Sources */,
				8F1098092274858B009074FA /* OfferCell.swift in Sources */,
			);
			runOnlyForDeploymentPostprocessing = 0;
		};
/* End PBXSourcesBuildPhase section */

/* Begin PBXVariantGroup section */
		8FB98FC52270879B001118CC /* Main.storyboard */ = {
			isa = PBXVariantGroup;
			children = (
				8FB98FC62270879B001118CC /* Base */,
				8FE9378E22708F4A00597677 /* ar */,
			);
			name = Main.storyboard;
			sourceTree = "<group>";
		};
		8FB98FCA227087C1001118CC /* LaunchScreen.storyboard */ = {
			isa = PBXVariantGroup;
			children = (
				8FB98FCB227087C1001118CC /* Base */,
				8FE9378D22708F4A00597677 /* ar */,
			);
			name = LaunchScreen.storyboard;
			sourceTree = "<group>";
		};
		8FE9379422708FC400597677 /* Localizable.strings */ = {
			isa = PBXVariantGroup;
			children = (
				8FE9379322708FC400597677 /* en */,
				8FE9379522708FCA00597677 /* ar */,
			);
			name = Localizable.strings;
			sourceTree = "<group>";
		};
/* End PBXVariantGroup section */

/* Begin XCBuildConfiguration section */
		8FB98FCE227087C1001118CC /* Debug */ = {
			isa = XCBuildConfiguration;
			buildSettings = {
				ALWAYS_SEARCH_USER_PATHS = NO;
				CLANG_ANALYZER_LOCALIZABILITY_NONLOCALIZED = YES;
				CLANG_ANALYZER_NONNULL = YES;
				CLANG_ANALYZER_NUMBER_OBJECT_CONVERSION = YES_AGGRESSIVE;
				CLANG_CXX_LANGUAGE_STANDARD = "gnu++14";
				CLANG_CXX_LIBRARY = "libc++";
				CLANG_ENABLE_MODULES = YES;
				CLANG_ENABLE_OBJC_ARC = YES;
				CLANG_ENABLE_OBJC_WEAK = YES;
				CLANG_WARN_BLOCK_CAPTURE_AUTORELEASING = YES;
				CLANG_WARN_BOOL_CONVERSION = YES;
				CLANG_WARN_COMMA = YES;
				CLANG_WARN_CONSTANT_CONVERSION = YES;
				CLANG_WARN_DEPRECATED_OBJC_IMPLEMENTATIONS = YES;
				CLANG_WARN_DIRECT_OBJC_ISA_USAGE = YES_ERROR;
				CLANG_WARN_DOCUMENTATION_COMMENTS = YES;
				CLANG_WARN_EMPTY_BODY = YES;
				CLANG_WARN_ENUM_CONVERSION = YES;
				CLANG_WARN_INFINITE_RECURSION = YES;
				CLANG_WARN_INT_CONVERSION = YES;
				CLANG_WARN_NON_LITERAL_NULL_CONVERSION = YES;
				CLANG_WARN_OBJC_IMPLICIT_RETAIN_SELF = YES;
				CLANG_WARN_OBJC_LITERAL_CONVERSION = YES;
				CLANG_WARN_OBJC_ROOT_CLASS = YES_ERROR;
				CLANG_WARN_RANGE_LOOP_ANALYSIS = YES;
				CLANG_WARN_STRICT_PROTOTYPES = YES;
				CLANG_WARN_SUSPICIOUS_MOVE = YES;
				CLANG_WARN_UNGUARDED_AVAILABILITY = YES_AGGRESSIVE;
				CLANG_WARN_UNREACHABLE_CODE = YES;
				CLANG_WARN__DUPLICATE_METHOD_MATCH = YES;
				CODE_SIGN_IDENTITY = "iPhone Developer";
				COPY_PHASE_STRIP = NO;
				DEBUG_INFORMATION_FORMAT = dwarf;
				ENABLE_STRICT_OBJC_MSGSEND = YES;
				ENABLE_TESTABILITY = YES;
				GCC_C_LANGUAGE_STANDARD = gnu11;
				GCC_DYNAMIC_NO_PIC = NO;
				GCC_NO_COMMON_BLOCKS = YES;
				GCC_OPTIMIZATION_LEVEL = 0;
				GCC_PREPROCESSOR_DEFINITIONS = (
					"DEBUG=1",
					"$(inherited)",
				);
				GCC_WARN_64_TO_32_BIT_CONVERSION = YES;
				GCC_WARN_ABOUT_RETURN_TYPE = YES_ERROR;
				GCC_WARN_UNDECLARED_SELECTOR = YES;
				GCC_WARN_UNINITIALIZED_AUTOS = YES_AGGRESSIVE;
				GCC_WARN_UNUSED_FUNCTION = YES;
				GCC_WARN_UNUSED_VARIABLE = YES;
				IPHONEOS_DEPLOYMENT_TARGET = 12.1;
				MTL_ENABLE_DEBUG_INFO = INCLUDE_SOURCE;
				MTL_FAST_MATH = YES;
				ONLY_ACTIVE_ARCH = YES;
				SDKROOT = iphoneos;
				SWIFT_ACTIVE_COMPILATION_CONDITIONS = DEBUG;
				SWIFT_OPTIMIZATION_LEVEL = "-Onone";
			};
			name = Debug;
		};
		8FB98FCF227087C1001118CC /* Release */ = {
			isa = XCBuildConfiguration;
			buildSettings = {
				ALWAYS_SEARCH_USER_PATHS = NO;
				CLANG_ANALYZER_LOCALIZABILITY_NONLOCALIZED = YES;
				CLANG_ANALYZER_NONNULL = YES;
				CLANG_ANALYZER_NUMBER_OBJECT_CONVERSION = YES_AGGRESSIVE;
				CLANG_CXX_LANGUAGE_STANDARD = "gnu++14";
				CLANG_CXX_LIBRARY = "libc++";
				CLANG_ENABLE_MODULES = YES;
				CLANG_ENABLE_OBJC_ARC = YES;
				CLANG_ENABLE_OBJC_WEAK = YES;
				CLANG_WARN_BLOCK_CAPTURE_AUTORELEASING = YES;
				CLANG_WARN_BOOL_CONVERSION = YES;
				CLANG_WARN_COMMA = YES;
				CLANG_WARN_CONSTANT_CONVERSION = YES;
				CLANG_WARN_DEPRECATED_OBJC_IMPLEMENTATIONS = YES;
				CLANG_WARN_DIRECT_OBJC_ISA_USAGE = YES_ERROR;
				CLANG_WARN_DOCUMENTATION_COMMENTS = YES;
				CLANG_WARN_EMPTY_BODY = YES;
				CLANG_WARN_ENUM_CONVERSION = YES;
				CLANG_WARN_INFINITE_RECURSION = YES;
				CLANG_WARN_INT_CONVERSION = YES;
				CLANG_WARN_NON_LITERAL_NULL_CONVERSION = YES;
				CLANG_WARN_OBJC_IMPLICIT_RETAIN_SELF = YES;
				CLANG_WARN_OBJC_LITERAL_CONVERSION = YES;
				CLANG_WARN_OBJC_ROOT_CLASS = YES_ERROR;
				CLANG_WARN_RANGE_LOOP_ANALYSIS = YES;
				CLANG_WARN_STRICT_PROTOTYPES = YES;
				CLANG_WARN_SUSPICIOUS_MOVE = YES;
				CLANG_WARN_UNGUARDED_AVAILABILITY = YES_AGGRESSIVE;
				CLANG_WARN_UNREACHABLE_CODE = YES;
				CLANG_WARN__DUPLICATE_METHOD_MATCH = YES;
				CODE_SIGN_IDENTITY = "iPhone Developer";
				COPY_PHASE_STRIP = NO;
				DEBUG_INFORMATION_FORMAT = "dwarf-with-dsym";
				ENABLE_NS_ASSERTIONS = NO;
				ENABLE_STRICT_OBJC_MSGSEND = YES;
				GCC_C_LANGUAGE_STANDARD = gnu11;
				GCC_NO_COMMON_BLOCKS = YES;
				GCC_WARN_64_TO_32_BIT_CONVERSION = YES;
				GCC_WARN_ABOUT_RETURN_TYPE = YES_ERROR;
				GCC_WARN_UNDECLARED_SELECTOR = YES;
				GCC_WARN_UNINITIALIZED_AUTOS = YES_AGGRESSIVE;
				GCC_WARN_UNUSED_FUNCTION = YES;
				GCC_WARN_UNUSED_VARIABLE = YES;
				IPHONEOS_DEPLOYMENT_TARGET = 12.1;
				MTL_ENABLE_DEBUG_INFO = NO;
				MTL_FAST_MATH = YES;
				SDKROOT = iphoneos;
				SWIFT_COMPILATION_MODE = wholemodule;
				SWIFT_OPTIMIZATION_LEVEL = "-O";
				VALIDATE_PRODUCT = YES;
			};
			name = Release;
		};
		8FB98FD1227087C1001118CC /* Debug */ = {
			isa = XCBuildConfiguration;
			baseConfigurationReference = 80DFA1105550B86783156A26 /* Pods-Marasy-Elhoom.debug.xcconfig */;
			buildSettings = {
				ASSETCATALOG_COMPILER_APPICON_NAME = AppIcon;
				CODE_SIGN_STYLE = Automatic;
				DEVELOPMENT_TEAM = ZYXWKAWWZ4;
				INFOPLIST_FILE = "$(SRCROOT)/Marasy-Elhoom/Services/Info.plist";
				IPHONEOS_DEPLOYMENT_TARGET = 10.0;
				LD_RUNPATH_SEARCH_PATHS = (
					"$(inherited)",
					"@executable_path/Frameworks",
				);
				PRODUCT_BUNDLE_IDENTIFIER = "com.CreativeShare.Marasy-Elhoom";
				PRODUCT_NAME = "$(TARGET_NAME)";
				SWIFT_VERSION = 4.2;
				TARGETED_DEVICE_FAMILY = "1,2";
			};
			name = Debug;
		};
		8FB98FD2227087C1001118CC /* Release */ = {
			isa = XCBuildConfiguration;
			baseConfigurationReference = 0360A4984E7AFB8211197EC8 /* Pods-Marasy-Elhoom.release.xcconfig */;
			buildSettings = {
				ASSETCATALOG_COMPILER_APPICON_NAME = AppIcon;
				CODE_SIGN_STYLE = Automatic;
				DEVELOPMENT_TEAM = ZYXWKAWWZ4;
				INFOPLIST_FILE = "$(SRCROOT)/Marasy-Elhoom/Services/Info.plist";
				IPHONEOS_DEPLOYMENT_TARGET = 10.0;
				LD_RUNPATH_SEARCH_PATHS = (
					"$(inherited)",
					"@executable_path/Frameworks",
				);
				PRODUCT_BUNDLE_IDENTIFIER = "com.CreativeShare.Marasy-Elhoom";
				PRODUCT_NAME = "$(TARGET_NAME)";
				SWIFT_VERSION = 4.2;
				TARGETED_DEVICE_FAMILY = "1,2";
			};
			name = Release;
		};
/* End XCBuildConfiguration section */

/* Begin XCConfigurationList section */
		8FB98FB922708798001118CC /* Build configuration list for PBXProject "Marasy-Elhoom" */ = {
			isa = XCConfigurationList;
			buildConfigurations = (
				8FB98FCE227087C1001118CC /* Debug */,
				8FB98FCF227087C1001118CC /* Release */,
			);
			defaultConfigurationIsVisible = 0;
			defaultConfigurationName = Release;
		};
		8FB98FD0227087C1001118CC /* Build configuration list for PBXNativeTarget "Marasy-Elhoom" */ = {
			isa = XCConfigurationList;
			buildConfigurations = (
				8FB98FD1227087C1001118CC /* Debug */,
				8FB98FD2227087C1001118CC /* Release */,
			);
			defaultConfigurationIsVisible = 0;
			defaultConfigurationName = Release;
		};
/* End XCConfigurationList section */
	};
	rootObject = 8FB98FB622708798001118CC /* Project object */;
}
